
Microsoft Visual Studio Solution File, Format Version 12.00
# Visual Studio 15
VisualStudioVersion = 15.0.28307.1231
MinimumVisualStudioVersion = 10.0.40219.1
Project("{FAE04EC0-301F-11D3-BF4B-00C04F79EFBC}") = "TFUND.MVC.Helper.Security", "TFUND.MVC.Helper.Security\TFUND.MVC.Helper.Security.csproj", "{02A04382-B38A-4895-BFFE-18202F1389EF}"
EndProject
Project("{FAE04EC0-301F-11D3-BF4B-00C04F79EFBC}") = "TFUND.MVC.Helper.Security.Test", "TFUND.MVC.Helper.Security.Test\TFUND.MVC.Helper.Security.Test.csproj", "{D942EC54-C67F-44D8-B323-0991789CB2C8}"
EndProject
Global
	GlobalSection(SolutionConfigurationPlatforms) = preSolution
		Debug|Any CPU = Debug|Any CPU
		Release|Any CPU = Release|Any CPU
	EndGlobalSection
	GlobalSection(ProjectConfigurationPlatforms) = postSolution
		{02A04382-B38A-4895-BFFE-18202F1389EF}.Debug|Any CPU.ActiveCfg = Debug|Any CPU
		{02A04382-B38A-4895-BFFE-18202F1389EF}.Debug|Any CPU.Build.0 = Debug|Any CPU
		{02A04382-B38A-4895-BFFE-18202F1389EF}.Release|Any CPU.ActiveCfg = Release|Any CPU
		{02A04382-B38A-4895-BFFE-18202F1389EF}.Release|Any CPU.Build.0 = Release|Any CPU
		{D942EC54-C67F-44D8-B323-0991789CB2C8}.Debug|Any CPU.Build.0 = Debug|Any CPU
		{D942EC54-C67F-44D8-B323-0991789CB2C8}.Release|Any CPU.ActiveCfg = Release|Any CPU
		{D942EC54-C67F-44D8-B323-0991789CB2C8}.Release|Any CPU.Build.0 = Release|Any CPU
	EndGlobalSection
	GlobalSection(SolutionProperties) = preSolution
		HideSolutionNode = FALSE
	EndGlobalSection
	GlobalSection(ExtensibilityGlobals) = postSolution
		SolutionGuid = {9FA94795-36A3-41CB-B6AE-4C73B165FB8C}
	EndGlobalSection
EndGlobal
